
Microsoft Visual Studio Solution File, Format Version 12.00
# Visual Studio Version 17
VisualStudioVersion = 17.9.34728.123
MinimumVisualStudioVersion = 10.0.40219.1
Project("{9A19103F-16F7-4668-BE54-9A1E7A4F7556}") = "MextFSBeginner.ConsoleClient", "MextFSBeginner.ConsoleClient\MextFSBeginner.ConsoleClient.csproj", "{DFBE8D04-B231-4C53-90E1-A633DF66A77A}"
EndProject
Project("{FAE04EC0-301F-11D3-BF4B-00C04F79EFBC}") = "MextFSBeginner.WasmClient", "MextFSBeginner.WasmClient\MextFSBeginner.WasmClient.csproj", "{E49DAB39-6CCB-402D-B5E8-A1BEFC17CD49}"
EndProject
Global
	GlobalSection(SolutionConfigurationPlatforms) = preSolution
		Debug|Any CPU = Debug|Any CPU
		Release|Any CPU = Release|Any CPU
	EndGlobalSection
	GlobalSection(ProjectConfigurationPlatforms) = postSolution
		{DFBE8D04-B231-4C53-90E1-A633DF66A77A}.Debug|Any CPU.ActiveCfg = Debug|Any CPU
		{DFBE8D04-B231-4C53-90E1-A633DF66A77A}.Debug|Any CPU.Build.0 = Debug|Any CPU
		{DFBE8D04-B231-4C53-90E1-A633DF66A77A}.Release|Any CPU.ActiveCfg = Release|Any CPU
		{DFBE8D04-B231-4C53-90E1-A633DF66A77A}.Release|Any CPU.Build.0 = Release|Any CPU
		{E49DAB39-6CCB-402D-B5E8-A1BEFC17CD49}.Debug|Any CPU.ActiveCfg = Debug|Any CPU
		{E49DAB39-6CCB-402D-B5E8-A1BEFC17CD49}.Debug|Any CPU.Build.0 = Debug|Any CPU
		{E49DAB39-6CCB-402D-B5E8-A1BEFC17CD49}.Release|Any CPU.ActiveCfg = Release|Any CPU
		{E49DAB39-6CCB-402D-B5E8-A1BEFC17CD49}.Release|Any CPU.Build.0 = Release|Any CPU
	EndGlobalSection
	GlobalSection(SolutionProperties) = preSolution
		HideSolutionNode = FALSE
	EndGlobalSection
	GlobalSection(ExtensibilityGlobals) = postSolution
		SolutionGuid = {B238CC29-1BC7-46E6-B86C-C5BC8C0DE784}
	EndGlobalSection
EndGlobal
