
Microsoft Visual Studio Solution File, Format Version 12.00
# Visual Studio Version 17
VisualStudioVersion = 17.9.34728.123
MinimumVisualStudioVersion = 10.0.40219.1
Project("{9A19103F-16F7-4668-BE54-9A1E7A4F7556}") = "MextFSBeginner.ConsoleClient", "MextFSBeginner.ConsoleClient\MextFSBeginner.ConsoleClient.csproj", "{DFBE8D04-B231-4C53-90E1-A633DF66A77A}"
EndProject
Project("{9A19103F-16F7-4668-BE54-9A1E7A4F7556}") = "MextFSBeginner.WasmClient", "MextFSBeginner.WasmClient\MextFSBeginner.WasmClient.csproj", "{F9478238-A401-452D-BB90-CAA13E593340}"
EndProject
Project("{9A19103F-16F7-4668-BE54-9A1E7A4F7556}") = "MextFSBeginner.Domain", "MextFSBeginner.Domain\MextFSBeginner.Domain.csproj", "{BE84D6AB-8FAB-4E44-9817-56FECF6EEECC}"
EndProject
Global
	GlobalSection(SolutionConfigurationPlatforms) = preSolution
		Debug|Any CPU = Debug|Any CPU
		Release|Any CPU = Release|Any CPU
	EndGlobalSection
	GlobalSection(ProjectConfigurationPlatforms) = postSolution
		{DFBE8D04-B231-4C53-90E1-A633DF66A77A}.Debug|Any CPU.ActiveCfg = Debug|Any CPU
		{DFBE8D04-B231-4C53-90E1-A633DF66A77A}.Debug|Any CPU.Build.0 = Debug|Any CPU
		{DFBE8D04-B231-4C53-90E1-A633DF66A77A}.Release|Any CPU.ActiveCfg = Release|Any CPU
		{DFBE8D04-B231-4C53-90E1-A633DF66A77A}.Release|Any CPU.Build.0 = Release|Any CPU
		{F9478238-A401-452D-BB90-CAA13E593340}.Debug|Any CPU.ActiveCfg = Debug|Any CPU
		{F9478238-A401-452D-BB90-CAA13E593340}.Debug|Any CPU.Build.0 = Debug|Any CPU
		{F9478238-A401-452D-BB90-CAA13E593340}.Release|Any CPU.ActiveCfg = Release|Any CPU
		{F9478238-A401-452D-BB90-CAA13E593340}.Release|Any CPU.Build.0 = Release|Any CPU
		{BE84D6AB-8FAB-4E44-9817-56FECF6EEECC}.Debug|Any CPU.ActiveCfg = Debug|Any CPU
		{BE84D6AB-8FAB-4E44-9817-56FECF6EEECC}.Debug|Any CPU.Build.0 = Debug|Any CPU
		{BE84D6AB-8FAB-4E44-9817-56FECF6EEECC}.Release|Any CPU.ActiveCfg = Release|Any CPU
		{BE84D6AB-8FAB-4E44-9817-56FECF6EEECC}.Release|Any CPU.Build.0 = Release|Any CPU
	EndGlobalSection
	GlobalSection(SolutionProperties) = preSolution
		HideSolutionNode = FALSE
	EndGlobalSection
	GlobalSection(ExtensibilityGlobals) = postSolution
		SolutionGuid = {B238CC29-1BC7-46E6-B86C-C5BC8C0DE784}
	EndGlobalSection
EndGlobal
